
Microsoft Visual Studio Solution File, Format Version 12.00
# Visual Studio Version 16
VisualStudioVersion = 16.0.30621.155
MinimumVisualStudioVersion = 10.0.40219.1
Project("{9A19103F-16F7-4668-BE54-9A1E7A4F7556}") = "The Beer Game", "The Beer Game.csproj", "{A6A7B15C-26BF-45FD-A1AF-818B53B3F2B7}"
EndProject
Project("{2150E333-8FDC-42A3-9474-1A3956D46DE8}") = "Bilder", "Bilder", "{D28D83D6-ED85-488B-9732-CA82FB58B67E}"
	ProjectSection(SolutionItems) = preProject
		C:\Users\joris\Desktop\Icon.ico = C:\Users\joris\Desktop\Icon.ico
		Icon.ico = Icon.ico
		C:\Users\joris\Desktop\Spielbrett.png = C:\Users\joris\Desktop\Spielbrett.png
	EndProjectSection
EndProject
Global
	GlobalSection(SolutionConfigurationPlatforms) = preSolution
		Debug|Any CPU = Debug|Any CPU
		Release|Any CPU = Release|Any CPU
	EndGlobalSection
	GlobalSection(ProjectConfigurationPlatforms) = postSolution
		{A6A7B15C-26BF-45FD-A1AF-818B53B3F2B7}.Debug|Any CPU.ActiveCfg = Debug|Any CPU
		{A6A7B15C-26BF-45FD-A1AF-818B53B3F2B7}.Debug|Any CPU.Build.0 = Debug|Any CPU
		{A6A7B15C-26BF-45FD-A1AF-818B53B3F2B7}.Release|Any CPU.ActiveCfg = Release|Any CPU
		{A6A7B15C-26BF-45FD-A1AF-818B53B3F2B7}.Release|Any CPU.Build.0 = Release|Any CPU
	EndGlobalSection
	GlobalSection(SolutionProperties) = preSolution
		HideSolutionNode = FALSE
	EndGlobalSection
	GlobalSection(ExtensibilityGlobals) = postSolution
		SolutionGuid = {054D11B1-5528-4510-99EC-965FE9A33FC6}
	EndGlobalSection
EndGlobal
